{
  "version": "5",
  "specifiers": {
    "npm:@hono/zod-validator@~0.7.2": "0.7.2_hono@4.8.12_zod@4.0.14",
    "npm:hono@^4.8.12": "4.8.12",
    "npm:zod@^4.0.14": "4.0.14"
  },
  "npm": {
    "@hono/zod-validator@0.7.2_hono@4.8.12_zod@4.0.14": {
      "integrity": "sha512-ub5eL/NeZ4eLZawu78JpW/J+dugDAYhwqUIdp9KYScI6PZECij4Hx4UsrthlEUutqDDhPwRI0MscUfNkvn/mqQ==",
      "dependencies": [
        "hono",
        "zod"
      ]
    },
    "hono@4.8.12": {
      "integrity": "sha512-MQSKk1Mg7b74k8l+A025LfysnLtXDKkE4pLaSsYRQC5iy85lgZnuyeQ1Wynair9mmECzoLu+FtJtqNZSoogBDQ=="
    },
    "zod@4.0.14": {
      "integrity": "sha512-nGFJTnJN6cM2v9kXL+SOBq3AtjQby3Mv5ySGFof5UGRHrRioSJ5iG680cYNjE/yWk671nROcpPj4hAS8nyLhSw=="
    }
  },
  "workspace": {
    "dependencies": [
      "npm:@hono/zod-validator@~0.7.2",
      "npm:hono@^4.8.12",
      "npm:zod@^4.0.14"
    ]
  }
}
